// !$*UTF8*$!
{
	archiveVersion = 1;
	classes = {
	};
	objectVersion = 50;
	objects = {

/* Begin PBXBuildFile section */
		D17677E626B383DC00DA26FA /* PlaceholderViewController.swift in Sources */ = {isa = PBXBuildFile; fileRef = D17677E526B383DC00DA26FA /* PlaceholderViewController.swift */; };
		D17677FA26B42F0000DA26FA /* StyleSheet.swift in Sources */ = {isa = PBXBuildFile; fileRef = D1C166B326B2C34200CFFCE3 /* StyleSheet.swift */; };
		D17677FB26B42F0000DA26FA /* SplitViewController.swift in Sources */ = {isa = PBXBuildFile; fileRef = D1C166BC26B338AC00CFFCE3 /* SplitViewController.swift */; };
		D17677FC26B42F0000DA26FA /* LazyImageView.swift in Sources */ = {isa = PBXBuildFile; fileRef = D1C166A226B1B4E200CFFCE3 /* LazyImageView.swift */; };
		D17677FD26B42F0000DA26FA /* ProductCollectionCell.swift in Sources */ = {isa = PBXBuildFile; fileRef = D1C1667826B11C2B00CFFCE3 /* ProductCollectionCell.swift */; };
		D17677FE26B42F0000DA26FA /* CellContentView.swift in Sources */ = {isa = PBXBuildFile; fileRef = D1C1665126B0025300CFFCE3 /* CellContentView.swift */; };
		D17677FF26B42F0000DA26FA /* AppDelegate.swift in Sources */ = {isa = PBXBuildFile; fileRef = D1C165E226AFC0DB00CFFCE3 /* AppDelegate.swift */; };
		D176780026B42F0000DA26FA /* Model.swift in Sources */ = {isa = PBXBuildFile; fileRef = D1C1669726B1B1FD00CFFCE3 /* Model.swift */; };
		D176780126B42F0000DA26FA /* ProductContentConfiguration.swift in Sources */ = {isa = PBXBuildFile; fileRef = D1C1665626B0038300CFFCE3 /* ProductContentConfiguration.swift */; };
		D176780226B42F0000DA26FA /* MasterViewController.swift in Sources */ = {isa = PBXBuildFile; fileRef = D1C1664026B0004700CFFCE3 /* MasterViewController.swift */; };
		D176780326B42F0000DA26FA /* Stackable.swift in Sources */ = {isa = PBXBuildFile; fileRef = D1C1666B26B005EF00CFFCE3 /* Stackable.swift */; };
		D176780426B42F0000DA26FA /* JsonUtility.swift in Sources */ = {isa = PBXBuildFile; fileRef = D1C1666626B0048F00CFFCE3 /* JsonUtility.swift */; };
		D176780526B42F0000DA26FA /* Product.swift in Sources */ = {isa = PBXBuildFile; fileRef = D1C1662626AFFAF200CFFCE3 /* Product.swift */; };
		D176780726B42F0000DA26FA /* BorderedImage.swift in Sources */ = {isa = PBXBuildFile; fileRef = D17677EB26B41A2B00DA26FA /* BorderedImage.swift */; };
		D176780826B42F0000DA26FA /* PlaceholderViewController.swift in Sources */ = {isa = PBXBuildFile; fileRef = D17677E526B383DC00DA26FA /* PlaceholderViewController.swift */; };
		D176780926B42F0000DA26FA /* ServiceManager.swift in Sources */ = {isa = PBXBuildFile; fileRef = D1C1665E26B0047400CFFCE3 /* ServiceManager.swift */; };
		D176780C26B42F0000DA26FA /* LaunchScreen.storyboard in Resources */ = {isa = PBXBuildFile; fileRef = D1C165ED26AFC0DE00CFFCE3 /* LaunchScreen.storyboard */; };
		D176780D26B42F0000DA26FA /* products.json in Resources */ = {isa = PBXBuildFile; fileRef = D1C1668426B12B1100CFFCE3 /* products.json */; };
		D176780E26B42F0000DA26FA /* Assets.xcassets in Resources */ = {isa = PBXBuildFile; fileRef = D1C165EB26AFC0DE00CFFCE3 /* Assets.xcassets */; };
		D176782D26B430EB00DA26FA /* DetailViewController.swift in Sources */ = {isa = PBXBuildFile; fileRef = D176782C26B430EB00DA26FA /* DetailViewController.swift */; };
		D176783826B432AD00DA26FA /* DetailContent.swift in Sources */ = {isa = PBXBuildFile; fileRef = D176783226B4329400DA26FA /* DetailContent.swift */; };
		D176785126B44A4E00DA26FA /* MockProduct.swift in Sources */ = {isa = PBXBuildFile; fileRef = D176785026B44A4E00DA26FA /* MockProduct.swift */; };
		D176785626B44A8B00DA26FA /* MockProduct.swift in Sources */ = {isa = PBXBuildFile; fileRef = D176785026B44A4E00DA26FA /* MockProduct.swift */; };
		D1C165E326AFC0DB00CFFCE3 /* AppDelegate.swift in Sources */ = {isa = PBXBuildFile; fileRef = D1C165E226AFC0DB00CFFCE3 /* AppDelegate.swift */; };
		D1C165EC26AFC0DE00CFFCE3 /* Assets.xcassets in Resources */ = {isa = PBXBuildFile; fileRef = D1C165EB26AFC0DE00CFFCE3 /* Assets.xcassets */; };
		D1C165EF26AFC0DE00CFFCE3 /* LaunchScreen.storyboard in Resources */ = {isa = PBXBuildFile; fileRef = D1C165ED26AFC0DE00CFFCE3 /* LaunchScreen.storyboard */; };
		D1C165FA26AFC0DF00CFFCE3 /* FinalFourLabTests.swift in Sources */ = {isa = PBXBuildFile; fileRef = D1C165F926AFC0DF00CFFCE3 /* FinalFourLabTests.swift */; };
		D1C1660526AFC0E000CFFCE3 /* FinalFourLabUITests.swift in Sources */ = {isa = PBXBuildFile; fileRef = D1C1660426AFC0E000CFFCE3 /* FinalFourLabUITests.swift */; };
		D1C1662726AFFAF200CFFCE3 /* Product.swift in Sources */ = {isa = PBXBuildFile; fileRef = D1C1662626AFFAF200CFFCE3 /* Product.swift */; };
		D1C1664126B0004700CFFCE3 /* MasterViewController.swift in Sources */ = {isa = PBXBuildFile; fileRef = D1C1664026B0004700CFFCE3 /* MasterViewController.swift */; };
		D1C1664A26B0008800CFFCE3 /* DetailViewController.swift in Sources */ = {isa = PBXBuildFile; fileRef = D1C1664926B0008800CFFCE3 /* DetailViewController.swift */; };
		D1C1665226B0025300CFFCE3 /* CellContentView.swift in Sources */ = {isa = PBXBuildFile; fileRef = D1C1665126B0025300CFFCE3 /* CellContentView.swift */; };
		D1C1665726B0038300CFFCE3 /* ProductContentConfiguration.swift in Sources */ = {isa = PBXBuildFile; fileRef = D1C1665626B0038300CFFCE3 /* ProductContentConfiguration.swift */; };
		D1C1665F26B0047400CFFCE3 /* ServiceManager.swift in Sources */ = {isa = PBXBuildFile; fileRef = D1C1665E26B0047400CFFCE3 /* ServiceManager.swift */; };
		D1C1666726B0048F00CFFCE3 /* JsonUtility.swift in Sources */ = {isa = PBXBuildFile; fileRef = D1C1666626B0048F00CFFCE3 /* JsonUtility.swift */; };
		D1C1666C26B005EF00CFFCE3 /* Stackable.swift in Sources */ = {isa = PBXBuildFile; fileRef = D1C1666B26B005EF00CFFCE3 /* Stackable.swift */; };
		D1C1667926B11C2B00CFFCE3 /* ProductCollectionCell.swift in Sources */ = {isa = PBXBuildFile; fileRef = D1C1667826B11C2B00CFFCE3 /* ProductCollectionCell.swift */; };
		D1C1668526B12B1100CFFCE3 /* products.json in Resources */ = {isa = PBXBuildFile; fileRef = D1C1668426B12B1100CFFCE3 /* products.json */; };
		D1C1669826B1B1FD00CFFCE3 /* Model.swift in Sources */ = {isa = PBXBuildFile; fileRef = D1C1669726B1B1FD00CFFCE3 /* Model.swift */; };
		D1C166A326B1B4E200CFFCE3 /* LazyImageView.swift in Sources */ = {isa = PBXBuildFile; fileRef = D1C166A226B1B4E200CFFCE3 /* LazyImageView.swift */; };
		D1C166B426B2C34200CFFCE3 /* StyleSheet.swift in Sources */ = {isa = PBXBuildFile; fileRef = D1C166B326B2C34200CFFCE3 /* StyleSheet.swift */; };
		D1C166BD26B338AD00CFFCE3 /* SplitViewController.swift in Sources */ = {isa = PBXBuildFile; fileRef = D1C166BC26B338AC00CFFCE3 /* SplitViewController.swift */; };
/* End PBXBuildFile section */

/* Begin PBXContainerItemProxy section */
		D1C165F626AFC0DF00CFFCE3 /* PBXContainerItemProxy */ = {
			isa = PBXContainerItemProxy;
			containerPortal = D1C165D726AFC0DB00CFFCE3 /* Project object */;
			proxyType = 1;
			remoteGlobalIDString = D1C165DE26AFC0DB00CFFCE3;
			remoteInfo = FinalFourLab;
		};
		D1C1660126AFC0DF00CFFCE3 /* PBXContainerItemProxy */ = {
			isa = PBXContainerItemProxy;
			containerPortal = D1C165D726AFC0DB00CFFCE3 /* Project object */;
			proxyType = 1;
			remoteGlobalIDString = D1C165DE26AFC0DB00CFFCE3;
			remoteInfo = FinalFourLab;
		};
/* End PBXContainerItemProxy section */

/* Begin PBXFileReference section */
		D17677E526B383DC00DA26FA /* PlaceholderViewController.swift */ = {isa = PBXFileReference; lastKnownFileType = sourcecode.swift; path = PlaceholderViewController.swift; sourceTree = "<group>"; };
		D17677EB26B41A2B00DA26FA /* BorderedImage.swift */ = {isa = PBXFileReference; lastKnownFileType = sourcecode.swift; path = BorderedImage.swift; sourceTree = "<group>"; };
		D176781226B42F0000DA26FA /* FinalFourSwiftUI.app */ = {isa = PBXFileReference; explicitFileType = wrapper.application; includeInIndex = 0; path = FinalFourSwiftUI.app; sourceTree = BUILT_PRODUCTS_DIR; };
		D176781726B42F0000DA26FA /* FinalFourLab copy-Info.plist */ = {isa = PBXFileReference; lastKnownFileType = text.plist.xml; name = "FinalFourLab copy-Info.plist"; path = "/Users/aarthur/Development/iPhone/Scraps/Labs/FinalFour/FinalFourLab/FinalFourLab copy-Info.plist"; sourceTree = "<absolute>"; };
		D176782C26B430EB00DA26FA /* DetailViewController.swift */ = {isa = PBXFileReference; lastKnownFileType = sourcecode.swift; path = DetailViewController.swift; sourceTree = "<group>"; };
		D176783226B4329400DA26FA /* DetailContent.swift */ = {isa = PBXFileReference; lastKnownFileType = sourcecode.swift; path = DetailContent.swift; sourceTree = "<group>"; };
		D176785026B44A4E00DA26FA /* MockProduct.swift */ = {isa = PBXFileReference; lastKnownFileType = sourcecode.swift; path = MockProduct.swift; sourceTree = "<group>"; };
		D1C165DF26AFC0DB00CFFCE3 /* FinalFourLab.app */ = {isa = PBXFileReference; explicitFileType = wrapper.application; includeInIndex = 0; path = FinalFourLab.app; sourceTree = BUILT_PRODUCTS_DIR; };
		D1C165E226AFC0DB00CFFCE3 /* AppDelegate.swift */ = {isa = PBXFileReference; lastKnownFileType = sourcecode.swift; path = AppDelegate.swift; sourceTree = "<group>"; };
		D1C165EB26AFC0DE00CFFCE3 /* Assets.xcassets */ = {isa = PBXFileReference; lastKnownFileType = folder.assetcatalog; path = Assets.xcassets; sourceTree = "<group>"; };
		D1C165EE26AFC0DE00CFFCE3 /* Base */ = {isa = PBXFileReference; lastKnownFileType = file.storyboard; name = Base; path = Base.lproj/LaunchScreen.storyboard; sourceTree = "<group>"; };
		D1C165F026AFC0DE00CFFCE3 /* Info.plist */ = {isa = PBXFileReference; lastKnownFileType = text.plist.xml; path = Info.plist; sourceTree = "<group>"; };
		D1C165F526AFC0DF00CFFCE3 /* FinalFourLabTests.xctest */ = {isa = PBXFileReference; explicitFileType = wrapper.cfbundle; includeInIndex = 0; path = FinalFourLabTests.xctest; sourceTree = BUILT_PRODUCTS_DIR; };
		D1C165F926AFC0DF00CFFCE3 /* FinalFourLabTests.swift */ = {isa = PBXFileReference; lastKnownFileType = sourcecode.swift; path = FinalFourLabTests.swift; sourceTree = "<group>"; };
		D1C165FB26AFC0DF00CFFCE3 /* Info.plist */ = {isa = PBXFileReference; lastKnownFileType = text.plist.xml; path = Info.plist; sourceTree = "<group>"; };
		D1C1660026AFC0DF00CFFCE3 /* FinalFourLabUITests.xctest */ = {isa = PBXFileReference; explicitFileType = wrapper.cfbundle; includeInIndex = 0; path = FinalFourLabUITests.xctest; sourceTree = BUILT_PRODUCTS_DIR; };
		D1C1660426AFC0E000CFFCE3 /* FinalFourLabUITests.swift */ = {isa = PBXFileReference; lastKnownFileType = sourcecode.swift; path = FinalFourLabUITests.swift; sourceTree = "<group>"; };
		D1C1660626AFC0E000CFFCE3 /* Info.plist */ = {isa = PBXFileReference; lastKnownFileType = text.plist.xml; path = Info.plist; sourceTree = "<group>"; };
		D1C1662626AFFAF200CFFCE3 /* Product.swift */ = {isa = PBXFileReference; lastKnownFileType = sourcecode.swift; path = Product.swift; sourceTree = "<group>"; };
		D1C1664026B0004700CFFCE3 /* MasterViewController.swift */ = {isa = PBXFileReference; lastKnownFileType = sourcecode.swift; path = MasterViewController.swift; sourceTree = "<group>"; };
		D1C1664926B0008800CFFCE3 /* DetailViewController.swift */ = {isa = PBXFileReference; lastKnownFileType = sourcecode.swift; path = DetailViewController.swift; sourceTree = "<group>"; };
		D1C1665126B0025300CFFCE3 /* CellContentView.swift */ = {isa = PBXFileReference; lastKnownFileType = sourcecode.swift; path = CellContentView.swift; sourceTree = "<group>"; };
		D1C1665626B0038300CFFCE3 /* ProductContentConfiguration.swift */ = {isa = PBXFileReference; lastKnownFileType = sourcecode.swift; path = ProductContentConfiguration.swift; sourceTree = "<group>"; };
		D1C1665E26B0047400CFFCE3 /* ServiceManager.swift */ = {isa = PBXFileReference; fileEncoding = 4; lastKnownFileType = sourcecode.swift; path = ServiceManager.swift; sourceTree = "<group>"; };
		D1C1666626B0048F00CFFCE3 /* JsonUtility.swift */ = {isa = PBXFileReference; fileEncoding = 4; lastKnownFileType = sourcecode.swift; path = JsonUtility.swift; sourceTree = "<group>"; };
		D1C1666B26B005EF00CFFCE3 /* Stackable.swift */ = {isa = PBXFileReference; fileEncoding = 4; lastKnownFileType = sourcecode.swift; path = Stackable.swift; sourceTree = "<group>"; };
		D1C1667826B11C2B00CFFCE3 /* ProductCollectionCell.swift */ = {isa = PBXFileReference; lastKnownFileType = sourcecode.swift; path = ProductCollectionCell.swift; sourceTree = "<group>"; };
		D1C1668426B12B1100CFFCE3 /* products.json */ = {isa = PBXFileReference; fileEncoding = 4; lastKnownFileType = text.json; path = products.json; sourceTree = "<group>"; };
		D1C1669726B1B1FD00CFFCE3 /* Model.swift */ = {isa = PBXFileReference; fileEncoding = 4; lastKnownFileType = sourcecode.swift; path = Model.swift; sourceTree = "<group>"; };
		D1C166A226B1B4E200CFFCE3 /* LazyImageView.swift */ = {isa = PBXFileReference; fileEncoding = 4; lastKnownFileType = sourcecode.swift; path = LazyImageView.swift; sourceTree = "<group>"; };
		D1C166B326B2C34200CFFCE3 /* StyleSheet.swift */ = {isa = PBXFileReference; lastKnownFileType = sourcecode.swift; path = StyleSheet.swift; sourceTree = "<group>"; };
		D1C166BC26B338AC00CFFCE3 /* SplitViewController.swift */ = {isa = PBXFileReference; fileEncoding = 4; lastKnownFileType = sourcecode.swift; path = SplitViewController.swift; sourceTree = "<group>"; };
/* End PBXFileReference section */

/* Begin PBXFrameworksBuildPhase section */
		D176780A26B42F0000DA26FA /* Frameworks */ = {
			isa = PBXFrameworksBuildPhase;
			buildActionMask = 2147483647;
			files = (
			);
			runOnlyForDeploymentPostprocessing = 0;
		};
		D1C165DC26AFC0DB00CFFCE3 /* Frameworks */ = {
			isa = PBXFrameworksBuildPhase;
			buildActionMask = 2147483647;
			files = (
			);
			runOnlyForDeploymentPostprocessing = 0;
		};
		D1C165F226AFC0DF00CFFCE3 /* Frameworks */ = {
			isa = PBXFrameworksBuildPhase;
			buildActionMask = 2147483647;
			files = (
			);
			runOnlyForDeploymentPostprocessing = 0;
		};
		D1C165FD26AFC0DF00CFFCE3 /* Frameworks */ = {
			isa = PBXFrameworksBuildPhase;
			buildActionMask = 2147483647;
			files = (
			);
			runOnlyForDeploymentPostprocessing = 0;
		};
/* End PBXFrameworksBuildPhase section */

/* Begin PBXGroup section */
		D17677EA26B4194C00DA26FA /* SwiftUI */ = {
			isa = PBXGroup;
			children = (
				D17677EB26B41A2B00DA26FA /* BorderedImage.swift */,
			);
			path = SwiftUI;
			sourceTree = "<group>";
		};
		D17677F626B42E8100DA26FA /* UIKit */ = {
			isa = PBXGroup;
			children = (
				D1C1664926B0008800CFFCE3 /* DetailViewController.swift */,
				D17677E526B383DC00DA26FA /* PlaceholderViewController.swift */,
			);
			path = UIKit;
			sourceTree = "<group>";
		};
		D17677F726B42E8D00DA26FA /* SwiftUI */ = {
			isa = PBXGroup;
			children = (
				D176782C26B430EB00DA26FA /* DetailViewController.swift */,
				D176783226B4329400DA26FA /* DetailContent.swift */,
			);
			path = SwiftUI;
			sourceTree = "<group>";
		};
		D176784F26B44A2E00DA26FA /* Mock */ = {
			isa = PBXGroup;
			children = (
				D176785026B44A4E00DA26FA /* MockProduct.swift */,
			);
			path = Mock;
			sourceTree = "<group>";
		};
		D1C165D626AFC0DB00CFFCE3 = {
			isa = PBXGroup;
			children = (
				D1C165E126AFC0DB00CFFCE3 /* FinalFourLab */,
				D1C165F826AFC0DF00CFFCE3 /* FinalFourLabTests */,
				D1C1660326AFC0DF00CFFCE3 /* FinalFourLabUITests */,
				D1C165E026AFC0DB00CFFCE3 /* Products */,
				D176781726B42F0000DA26FA /* FinalFourLab copy-Info.plist */,
			);
			sourceTree = "<group>";
		};
		D1C165E026AFC0DB00CFFCE3 /* Products */ = {
			isa = PBXGroup;
			children = (
				D1C165DF26AFC0DB00CFFCE3 /* FinalFourLab.app */,
				D1C165F526AFC0DF00CFFCE3 /* FinalFourLabTests.xctest */,
				D1C1660026AFC0DF00CFFCE3 /* FinalFourLabUITests.xctest */,
				D176781226B42F0000DA26FA /* FinalFourSwiftUI.app */,
			);
			name = Products;
			sourceTree = "<group>";
		};
		D1C165E126AFC0DB00CFFCE3 /* FinalFourLab */ = {
			isa = PBXGroup;
			children = (
				D1C1668326B12AFA00CFFCE3 /* Data */,
				D1C1661526AFC10800CFFCE3 /* Application */,
				D1C1663D26AFFEE200CFFCE3 /* ViewControllers */,
				D1C1661626AFC12100CFFCE3 /* Common */,
				D1C165EB26AFC0DE00CFFCE3 /* Assets.xcassets */,
				D1C165ED26AFC0DE00CFFCE3 /* LaunchScreen.storyboard */,
				D1C165F026AFC0DE00CFFCE3 /* Info.plist */,
			);
			path = FinalFourLab;
			sourceTree = "<group>";
		};
		D1C165F826AFC0DF00CFFCE3 /* FinalFourLabTests */ = {
			isa = PBXGroup;
			children = (
				D1C165F926AFC0DF00CFFCE3 /* FinalFourLabTests.swift */,
				D1C165FB26AFC0DF00CFFCE3 /* Info.plist */,
			);
			path = FinalFourLabTests;
			sourceTree = "<group>";
		};
		D1C1660326AFC0DF00CFFCE3 /* FinalFourLabUITests */ = {
			isa = PBXGroup;
			children = (
				D1C1660426AFC0E000CFFCE3 /* FinalFourLabUITests.swift */,
				D1C1660626AFC0E000CFFCE3 /* Info.plist */,
			);
			path = FinalFourLabUITests;
			sourceTree = "<group>";
		};
		D1C1661526AFC10800CFFCE3 /* Application */ = {
			isa = PBXGroup;
			children = (
				D1C165E226AFC0DB00CFFCE3 /* AppDelegate.swift */,
			);
			path = Application;
			sourceTree = "<group>";
		};
		D1C1661626AFC12100CFFCE3 /* Common */ = {
			isa = PBXGroup;
			children = (
				D17677EA26B4194C00DA26FA /* SwiftUI */,
				D176784F26B44A2E00DA26FA /* Mock */,
				D1C1668926B191DC00CFFCE3 /* Views */,
				D1C1663426AFFD9400CFFCE3 /* JSON */,
				D1C1662E26AFFD1200CFFCE3 /* Network */,
				D1C1662526AFFADB00CFFCE3 /* Model */,
				D1C1661726AFC12A00CFFCE3 /* Protocols */,
			);
			path = Common;
			sourceTree = "<group>";
		};
		D1C1661726AFC12A00CFFCE3 /* Protocols */ = {
			isa = PBXGroup;
			children = (
				D1C1669726B1B1FD00CFFCE3 /* Model.swift */,
				D1C1666B26B005EF00CFFCE3 /* Stackable.swift */,
			);
			path = Protocols;
			sourceTree = "<group>";
		};
		D1C1662526AFFADB00CFFCE3 /* Model */ = {
			isa = PBXGroup;
			children = (
				D1C1662626AFFAF200CFFCE3 /* Product.swift */,
			);
			path = Model;
			sourceTree = "<group>";
		};
		D1C1662E26AFFD1200CFFCE3 /* Network */ = {
			isa = PBXGroup;
			children = (
				D1C1665E26B0047400CFFCE3 /* ServiceManager.swift */,
			);
			path = Network;
			sourceTree = "<group>";
		};
		D1C1663426AFFD9400CFFCE3 /* JSON */ = {
			isa = PBXGroup;
			children = (
				D1C1666626B0048F00CFFCE3 /* JsonUtility.swift */,
			);
			path = JSON;
			sourceTree = "<group>";
		};
		D1C1663D26AFFEE200CFFCE3 /* ViewControllers */ = {
			isa = PBXGroup;
			children = (
				D1C1663F26AFFF7500CFFCE3 /* Master */,
				D1C1663E26AFFF6800CFFCE3 /* Detail */,
				D1C166BB26B3387B00CFFCE3 /* Split */,
			);
			path = ViewControllers;
			sourceTree = "<group>";
		};
		D1C1663E26AFFF6800CFFCE3 /* Detail */ = {
			isa = PBXGroup;
			children = (
				D17677F726B42E8D00DA26FA /* SwiftUI */,
				D17677F626B42E8100DA26FA /* UIKit */,
			);
			path = Detail;
			sourceTree = "<group>";
		};
		D1C1663F26AFFF7500CFFCE3 /* Master */ = {
			isa = PBXGroup;
			children = (
				D1C1664826B0004E00CFFCE3 /* Assets */,
				D1C1664026B0004700CFFCE3 /* MasterViewController.swift */,
			);
			path = Master;
			sourceTree = "<group>";
		};
		D1C1664826B0004E00CFFCE3 /* Assets */ = {
			isa = PBXGroup;
			children = (
				D1C166B326B2C34200CFFCE3 /* StyleSheet.swift */,
				D1C1665126B0025300CFFCE3 /* CellContentView.swift */,
				D1C1665626B0038300CFFCE3 /* ProductContentConfiguration.swift */,
				D1C1667826B11C2B00CFFCE3 /* ProductCollectionCell.swift */,
			);
			path = Assets;
			sourceTree = "<group>";
		};
		D1C1668326B12AFA00CFFCE3 /* Data */ = {
			isa = PBXGroup;
			children = (
				D1C1668426B12B1100CFFCE3 /* products.json */,
			);
			path = Data;
			sourceTree = "<group>";
		};
		D1C1668926B191DC00CFFCE3 /* Views */ = {
			isa = PBXGroup;
			children = (
				D1C166A226B1B4E200CFFCE3 /* LazyImageView.swift */,
			);
			path = Views;
			sourceTree = "<group>";
		};
		D1C166BB26B3387B00CFFCE3 /* Split */ = {
			isa = PBXGroup;
			children = (
				D1C166BC26B338AC00CFFCE3 /* SplitViewController.swift */,
			);
			path = Split;
			sourceTree = "<group>";
		};
/* End PBXGroup section */

/* Begin PBXNativeTarget section */
		D17677F826B42F0000DA26FA /* FinalFourSwiftUI */ = {
			isa = PBXNativeTarget;
			buildConfigurationList = D176780F26B42F0000DA26FA /* Build configuration list for PBXNativeTarget "FinalFourSwiftUI" */;
			buildPhases = (
				D17677F926B42F0000DA26FA /* Sources */,
				D176780A26B42F0000DA26FA /* Frameworks */,
				D176780B26B42F0000DA26FA /* Resources */,
			);
			buildRules = (
			);
			dependencies = (
			);
			name = FinalFourSwiftUI;
			productName = FinalFourLab;
			productReference = D176781226B42F0000DA26FA /* FinalFourSwiftUI.app */;
			productType = "com.apple.product-type.application";
		};
		D1C165DE26AFC0DB00CFFCE3 /* FinalFourLab */ = {
			isa = PBXNativeTarget;
			buildConfigurationList = D1C1660926AFC0E000CFFCE3 /* Build configuration list for PBXNativeTarget "FinalFourLab" */;
			buildPhases = (
				D1C165DB26AFC0DB00CFFCE3 /* Sources */,
				D1C165DC26AFC0DB00CFFCE3 /* Frameworks */,
				D1C165DD26AFC0DB00CFFCE3 /* Resources */,
			);
			buildRules = (
			);
			dependencies = (
			);
			name = FinalFourLab;
			productName = FinalFourLab;
			productReference = D1C165DF26AFC0DB00CFFCE3 /* FinalFourLab.app */;
			productType = "com.apple.product-type.application";
		};
		D1C165F426AFC0DF00CFFCE3 /* FinalFourLabTests */ = {
			isa = PBXNativeTarget;
			buildConfigurationList = D1C1660C26AFC0E000CFFCE3 /* Build configuration list for PBXNativeTarget "FinalFourLabTests" */;
			buildPhases = (
				D1C165F126AFC0DF00CFFCE3 /* Sources */,
				D1C165F226AFC0DF00CFFCE3 /* Frameworks */,
				D1C165F326AFC0DF00CFFCE3 /* Resources */,
			);
			buildRules = (
			);
			dependencies = (
				D1C165F726AFC0DF00CFFCE3 /* PBXTargetDependency */,
			);
			name = FinalFourLabTests;
			productName = FinalFourLabTests;
			productReference = D1C165F526AFC0DF00CFFCE3 /* FinalFourLabTests.xctest */;
			productType = "com.apple.product-type.bundle.unit-test";
		};
		D1C165FF26AFC0DF00CFFCE3 /* FinalFourLabUITests */ = {
			isa = PBXNativeTarget;
			buildConfigurationList = D1C1660F26AFC0E000CFFCE3 /* Build configuration list for PBXNativeTarget "FinalFourLabUITests" */;
			buildPhases = (
				D1C165FC26AFC0DF00CFFCE3 /* Sources */,
				D1C165FD26AFC0DF00CFFCE3 /* Frameworks */,
				D1C165FE26AFC0DF00CFFCE3 /* Resources */,
			);
			buildRules = (
			);
			dependencies = (
				D1C1660226AFC0DF00CFFCE3 /* PBXTargetDependency */,
			);
			name = FinalFourLabUITests;
			productName = FinalFourLabUITests;
			productReference = D1C1660026AFC0DF00CFFCE3 /* FinalFourLabUITests.xctest */;
			productType = "com.apple.product-type.bundle.ui-testing";
		};
/* End PBXNativeTarget section */

/* Begin PBXProject section */
		D1C165D726AFC0DB00CFFCE3 /* Project object */ = {
			isa = PBXProject;
			attributes = {
				LastSwiftUpdateCheck = 1240;
				LastUpgradeCheck = 1240;
				TargetAttributes = {
					D1C165DE26AFC0DB00CFFCE3 = {
						CreatedOnToolsVersion = 12.4;
					};
					D1C165F426AFC0DF00CFFCE3 = {
						CreatedOnToolsVersion = 12.4;
						TestTargetID = D1C165DE26AFC0DB00CFFCE3;
					};
					D1C165FF26AFC0DF00CFFCE3 = {
						CreatedOnToolsVersion = 12.4;
						TestTargetID = D1C165DE26AFC0DB00CFFCE3;
					};
				};
			};
			buildConfigurationList = D1C165DA26AFC0DB00CFFCE3 /* Build configuration list for PBXProject "FinalFourLab" */;
			compatibilityVersion = "Xcode 9.3";
			developmentRegion = en;
			hasScannedForEncodings = 0;
			knownRegions = (
				en,
				Base,
			);
			mainGroup = D1C165D626AFC0DB00CFFCE3;
			productRefGroup = D1C165E026AFC0DB00CFFCE3 /* Products */;
			projectDirPath = "";
			projectRoot = "";
			targets = (
				D1C165DE26AFC0DB00CFFCE3 /* FinalFourLab */,
				D17677F826B42F0000DA26FA /* FinalFourSwiftUI */,
				D1C165F426AFC0DF00CFFCE3 /* FinalFourLabTests */,
				D1C165FF26AFC0DF00CFFCE3 /* FinalFourLabUITests */,
			);
		};
/* End PBXProject section */

/* Begin PBXResourcesBuildPhase section */
		D176780B26B42F0000DA26FA /* Resources */ = {
			isa = PBXResourcesBuildPhase;
			buildActionMask = 2147483647;
			files = (
				D176780C26B42F0000DA26FA /* LaunchScreen.storyboard in Resources */,
				D176780D26B42F0000DA26FA /* products.json in Resources */,
				D176780E26B42F0000DA26FA /* Assets.xcassets in Resources */,
			);
			runOnlyForDeploymentPostprocessing = 0;
		};
		D1C165DD26AFC0DB00CFFCE3 /* Resources */ = {
			isa = PBXResourcesBuildPhase;
			buildActionMask = 2147483647;
			files = (
				D1C165EF26AFC0DE00CFFCE3 /* LaunchScreen.storyboard in Resources */,
				D1C1668526B12B1100CFFCE3 /* products.json in Resources */,
				D1C165EC26AFC0DE00CFFCE3 /* Assets.xcassets in Resources */,
			);
			runOnlyForDeploymentPostprocessing = 0;
		};
		D1C165F326AFC0DF00CFFCE3 /* Resources */ = {
			isa = PBXResourcesBuildPhase;
			buildActionMask = 2147483647;
			files = (
			);
			runOnlyForDeploymentPostprocessing = 0;
		};
		D1C165FE26AFC0DF00CFFCE3 /* Resources */ = {
			isa = PBXResourcesBuildPhase;
			buildActionMask = 2147483647;
			files = (
			);
			runOnlyForDeploymentPostprocessing = 0;
		};
/* End PBXResourcesBuildPhase section */

/* Begin PBXSourcesBuildPhase section */
		D17677F926B42F0000DA26FA /* Sources */ = {
			isa = PBXSourcesBuildPhase;
			buildActionMask = 2147483647;
			files = (
				D17677FA26B42F0000DA26FA /* StyleSheet.swift in Sources */,
				D17677FB26B42F0000DA26FA /* SplitViewController.swift in Sources */,
				D17677FC26B42F0000DA26FA /* LazyImageView.swift in Sources */,
				D176785626B44A8B00DA26FA /* MockProduct.swift in Sources */,
				D17677FD26B42F0000DA26FA /* ProductCollectionCell.swift in Sources */,
				D176783826B432AD00DA26FA /* DetailContent.swift in Sources */,
				D17677FE26B42F0000DA26FA /* CellContentView.swift in Sources */,
				D17677FF26B42F0000DA26FA /* AppDelegate.swift in Sources */,
				D176780026B42F0000DA26FA /* Model.swift in Sources */,
				D176782D26B430EB00DA26FA /* DetailViewController.swift in Sources */,
				D176780126B42F0000DA26FA /* ProductContentConfiguration.swift in Sources */,
				D176780226B42F0000DA26FA /* MasterViewController.swift in Sources */,
				D176780326B42F0000DA26FA /* Stackable.swift in Sources */,
				D176780426B42F0000DA26FA /* JsonUtility.swift in Sources */,
				D176780526B42F0000DA26FA /* Product.swift in Sources */,
				D176780726B42F0000DA26FA /* BorderedImage.swift in Sources */,
				D176780826B42F0000DA26FA /* PlaceholderViewController.swift in Sources */,
				D176780926B42F0000DA26FA /* ServiceManager.swift in Sources */,
			);
			runOnlyForDeploymentPostprocessing = 0;
		};
		D1C165DB26AFC0DB00CFFCE3 /* Sources */ = {
			isa = PBXSourcesBuildPhase;
			buildActionMask = 2147483647;
			files = (
				D1C166B426B2C34200CFFCE3 /* StyleSheet.swift in Sources */,
				D1C166BD26B338AD00CFFCE3 /* SplitViewController.swift in Sources */,
				D1C166A326B1B4E200CFFCE3 /* LazyImageView.swift in Sources */,
				D1C1667926B11C2B00CFFCE3 /* ProductCollectionCell.swift in Sources */,
				D1C1665226B0025300CFFCE3 /* CellContentView.swift in Sources */,
				D1C165E326AFC0DB00CFFCE3 /* AppDelegate.swift in Sources */,
				D1C1669826B1B1FD00CFFCE3 /* Model.swift in Sources */,
				D176785126B44A4E00DA26FA /* MockProduct.swift in Sources */,
				D1C1665726B0038300CFFCE3 /* ProductContentConfiguration.swift in Sources */,
				D1C1664126B0004700CFFCE3 /* MasterViewController.swift in Sources */,
				D1C1666C26B005EF00CFFCE3 /* Stackable.swift in Sources */,
				D1C1666726B0048F00CFFCE3 /* JsonUtility.swift in Sources */,
				D1C1662726AFFAF200CFFCE3 /* Product.swift in Sources */,
				D1C1664A26B0008800CFFCE3 /* DetailViewController.swift in Sources */,
				D17677E626B383DC00DA26FA /* PlaceholderViewController.swift in Sources */,
				D1C1665F26B0047400CFFCE3 /* ServiceManager.swift in Sources */,
			);
			runOnlyForDeploymentPostprocessing = 0;
		};
		D1C165F126AFC0DF00CFFCE3 /* Sources */ = {
			isa = PBXSourcesBuildPhase;
			buildActionMask = 2147483647;
			files = (
				D1C165FA26AFC0DF00CFFCE3 /* FinalFourLabTests.swift in Sources */,
			);
			runOnlyForDeploymentPostprocessing = 0;
		};
		D1C165FC26AFC0DF00CFFCE3 /* Sources */ = {
			isa = PBXSourcesBuildPhase;
			buildActionMask = 2147483647;
			files = (
				D1C1660526AFC0E000CFFCE3 /* FinalFourLabUITests.swift in Sources */,
			);
			runOnlyForDeploymentPostprocessing = 0;
		};
/* End PBXSourcesBuildPhase section */

/* Begin PBXTargetDependency section */
		D1C165F726AFC0DF00CFFCE3 /* PBXTargetDependency */ = {
			isa = PBXTargetDependency;
			target = D1C165DE26AFC0DB00CFFCE3 /* FinalFourLab */;
			targetProxy = D1C165F626AFC0DF00CFFCE3 /* PBXContainerItemProxy */;
		};
		D1C1660226AFC0DF00CFFCE3 /* PBXTargetDependency */ = {
			isa = PBXTargetDependency;
			target = D1C165DE26AFC0DB00CFFCE3 /* FinalFourLab */;
			targetProxy = D1C1660126AFC0DF00CFFCE3 /* PBXContainerItemProxy */;
		};
/* End PBXTargetDependency section */

/* Begin PBXVariantGroup section */
		D1C165ED26AFC0DE00CFFCE3 /* LaunchScreen.storyboard */ = {
			isa = PBXVariantGroup;
			children = (
				D1C165EE26AFC0DE00CFFCE3 /* Base */,
			);
			name = LaunchScreen.storyboard;
			sourceTree = "<group>";
		};
/* End PBXVariantGroup section */

/* Begin XCBuildConfiguration section */
		D176781026B42F0000DA26FA /* Debug */ = {
			isa = XCBuildConfiguration;
			buildSettings = {
				ASSETCATALOG_COMPILER_APPICON_NAME = AppIcon;
				ASSETCATALOG_COMPILER_GLOBAL_ACCENT_COLOR_NAME = AccentColor;
				CODE_SIGN_STYLE = Automatic;
				DEVELOPMENT_TEAM = MX6EDE7QQU;
				INFOPLIST_FILE = "FinalFourLab copy-Info.plist";
				LD_RUNPATH_SEARCH_PATHS = (
					"$(inherited)",
					"@executable_path/Frameworks",
				);
				PRODUCT_BUNDLE_IDENTIFIER = com.gigabit.FinalFourLab;
				PRODUCT_NAME = "$(TARGET_NAME)";
				SWIFT_VERSION = 5.0;
				TARGETED_DEVICE_FAMILY = "1,2";
			};
			name = Debug;
		};
		D176781126B42F0000DA26FA /* Release */ = {
			isa = XCBuildConfiguration;
			buildSettings = {
				ASSETCATALOG_COMPILER_APPICON_NAME = AppIcon;
				ASSETCATALOG_COMPILER_GLOBAL_ACCENT_COLOR_NAME = AccentColor;
				CODE_SIGN_STYLE = Automatic;
				DEVELOPMENT_TEAM = MX6EDE7QQU;
				INFOPLIST_FILE = "FinalFourLab copy-Info.plist";
				LD_RUNPATH_SEARCH_PATHS = (
					"$(inherited)",
					"@executable_path/Frameworks",
				);
				PRODUCT_BUNDLE_IDENTIFIER = com.gigabit.FinalFourLab;
				PRODUCT_NAME = "$(TARGET_NAME)";
				SWIFT_VERSION = 5.0;
				TARGETED_DEVICE_FAMILY = "1,2";
			};
			name = Release;
		};
		D1C1660726AFC0E000CFFCE3 /* Debug */ = {
			isa = XCBuildConfiguration;
			buildSettings = {
				ALWAYS_SEARCH_USER_PATHS = NO;
				CLANG_ANALYZER_NONNULL = YES;
				CLANG_ANALYZER_NUMBER_OBJECT_CONVERSION = YES_AGGRESSIVE;
				CLANG_CXX_LANGUAGE_STANDARD = "gnu++14";
				CLANG_CXX_LIBRARY = "libc++";
				CLANG_ENABLE_MODULES = YES;
				CLANG_ENABLE_OBJC_ARC = YES;
				CLANG_ENABLE_OBJC_WEAK = YES;
				CLANG_WARN_BLOCK_CAPTURE_AUTORELEASING = YES;
				CLANG_WARN_BOOL_CONVERSION = YES;
				CLANG_WARN_COMMA = YES;
				CLANG_WARN_CONSTANT_CONVERSION = YES;
				CLANG_WARN_DEPRECATED_OBJC_IMPLEMENTATIONS = YES;
				CLANG_WARN_DIRECT_OBJC_ISA_USAGE = YES_ERROR;
				CLANG_WARN_DOCUMENTATION_COMMENTS = YES;
				CLANG_WARN_EMPTY_BODY = YES;
				CLANG_WARN_ENUM_CONVERSION = YES;
				CLANG_WARN_INFINITE_RECURSION = YES;
				CLANG_WARN_INT_CONVERSION = YES;
				CLANG_WARN_NON_LITERAL_NULL_CONVERSION = YES;
				CLANG_WARN_OBJC_IMPLICIT_RETAIN_SELF = YES;
				CLANG_WARN_OBJC_LITERAL_CONVERSION = YES;
				CLANG_WARN_OBJC_ROOT_CLASS = YES_ERROR;
				CLANG_WARN_QUOTED_INCLUDE_IN_FRAMEWORK_HEADER = YES;
				CLANG_WARN_RANGE_LOOP_ANALYSIS = YES;
				CLANG_WARN_STRICT_PROTOTYPES = YES;
				CLANG_WARN_SUSPICIOUS_MOVE = YES;
				CLANG_WARN_UNGUARDED_AVAILABILITY = YES_AGGRESSIVE;
				CLANG_WARN_UNREACHABLE_CODE = YES;
				CLANG_WARN__DUPLICATE_METHOD_MATCH = YES;
				COPY_PHASE_STRIP = NO;
				DEBUG_INFORMATION_FORMAT = dwarf;
				ENABLE_STRICT_OBJC_MSGSEND = YES;
				ENABLE_TESTABILITY = YES;
				GCC_C_LANGUAGE_STANDARD = gnu11;
				GCC_DYNAMIC_NO_PIC = NO;
				GCC_NO_COMMON_BLOCKS = YES;
				GCC_OPTIMIZATION_LEVEL = 0;
				GCC_PREPROCESSOR_DEFINITIONS = (
					"DEBUG=1",
					"$(inherited)",
				);
				GCC_WARN_64_TO_32_BIT_CONVERSION = YES;
				GCC_WARN_ABOUT_RETURN_TYPE = YES_ERROR;
				GCC_WARN_UNDECLARED_SELECTOR = YES;
				GCC_WARN_UNINITIALIZED_AUTOS = YES_AGGRESSIVE;
				GCC_WARN_UNUSED_FUNCTION = YES;
				GCC_WARN_UNUSED_VARIABLE = YES;
				IPHONEOS_DEPLOYMENT_TARGET = 14.4;
				MTL_ENABLE_DEBUG_INFO = INCLUDE_SOURCE;
				MTL_FAST_MATH = YES;
				ONLY_ACTIVE_ARCH = YES;
				SDKROOT = iphoneos;
				SWIFT_ACTIVE_COMPILATION_CONDITIONS = DEBUG;
				SWIFT_OPTIMIZATION_LEVEL = "-Onone";
			};
			name = Debug;
		};
		D1C1660826AFC0E000CFFCE3 /* Release */ = {
			isa = XCBuildConfiguration;
			buildSettings = {
				ALWAYS_SEARCH_USER_PATHS = NO;
				CLANG_ANALYZER_NONNULL = YES;
				CLANG_ANALYZER_NUMBER_OBJECT_CONVERSION = YES_AGGRESSIVE;
				CLANG_CXX_LANGUAGE_STANDARD = "gnu++14";
				CLANG_CXX_LIBRARY = "libc++";
				CLANG_ENABLE_MODULES = YES;
				CLANG_ENABLE_OBJC_ARC = YES;
				CLANG_ENABLE_OBJC_WEAK = YES;
				CLANG_WARN_BLOCK_CAPTURE_AUTORELEASING = YES;
				CLANG_WARN_BOOL_CONVERSION = YES;
				CLANG_WARN_COMMA = YES;
				CLANG_WARN_CONSTANT_CONVERSION = YES;
				CLANG_WARN_DEPRECATED_OBJC_IMPLEMENTATIONS = YES;
				CLANG_WARN_DIRECT_OBJC_ISA_USAGE = YES_ERROR;
				CLANG_WARN_DOCUMENTATION_COMMENTS = YES;
				CLANG_WARN_EMPTY_BODY = YES;
				CLANG_WARN_ENUM_CONVERSION = YES;
				CLANG_WARN_INFINITE_RECURSION = YES;
				CLANG_WARN_INT_CONVERSION = YES;
				CLANG_WARN_NON_LITERAL_NULL_CONVERSION = YES;
				CLANG_WARN_OBJC_IMPLICIT_RETAIN_SELF = YES;
				CLANG_WARN_OBJC_LITERAL_CONVERSION = YES;
				CLANG_WARN_OBJC_ROOT_CLASS = YES_ERROR;
				CLANG_WARN_QUOTED_INCLUDE_IN_FRAMEWORK_HEADER = YES;
				CLANG_WARN_RANGE_LOOP_ANALYSIS = YES;
				CLANG_WARN_STRICT_PROTOTYPES = YES;
				CLANG_WARN_SUSPICIOUS_MOVE = YES;
				CLANG_WARN_UNGUARDED_AVAILABILITY = YES_AGGRESSIVE;
				CLANG_WARN_UNREACHABLE_CODE = YES;
				CLANG_WARN__DUPLICATE_METHOD_MATCH = YES;
				COPY_PHASE_STRIP = NO;
				DEBUG_INFORMATION_FORMAT = "dwarf-with-dsym";
				ENABLE_NS_ASSERTIONS = NO;
				ENABLE_STRICT_OBJC_MSGSEND = YES;
				GCC_C_LANGUAGE_STANDARD = gnu11;
				GCC_NO_COMMON_BLOCKS = YES;
				GCC_WARN_64_TO_32_BIT_CONVERSION = YES;
				GCC_WARN_ABOUT_RETURN_TYPE = YES_ERROR;
				GCC_WARN_UNDECLARED_SELECTOR = YES;
				GCC_WARN_UNINITIALIZED_AUTOS = YES_AGGRESSIVE;
				GCC_WARN_UNUSED_FUNCTION = YES;
				GCC_WARN_UNUSED_VARIABLE = YES;
				IPHONEOS_DEPLOYMENT_TARGET = 14.4;
				MTL_ENABLE_DEBUG_INFO = NO;
				MTL_FAST_MATH = YES;
				SDKROOT = iphoneos;
				SWIFT_COMPILATION_MODE = wholemodule;
				SWIFT_OPTIMIZATION_LEVEL = "-O";
				VALIDATE_PRODUCT = YES;
			};
			name = Release;
		};
		D1C1660A26AFC0E000CFFCE3 /* Debug */ = {
			isa = XCBuildConfiguration;
			buildSettings = {
				ASSETCATALOG_COMPILER_APPICON_NAME = AppIcon;
				ASSETCATALOG_COMPILER_GLOBAL_ACCENT_COLOR_NAME = AccentColor;
				CODE_SIGN_STYLE = Automatic;
				DEVELOPMENT_TEAM = MX6EDE7QQU;
				INFOPLIST_FILE = FinalFourLab/Info.plist;
				LD_RUNPATH_SEARCH_PATHS = (
					"$(inherited)",
					"@executable_path/Frameworks",
				);
				PRODUCT_BUNDLE_IDENTIFIER = com.gigabit.FinalFourLab;
				PRODUCT_NAME = "$(TARGET_NAME)";
				SWIFT_VERSION = 5.0;
				TARGETED_DEVICE_FAMILY = "1,2";
			};
			name = Debug;
		};
		D1C1660B26AFC0E000CFFCE3 /* Release */ = {
			isa = XCBuildConfiguration;
			buildSettings = {
				ASSETCATALOG_COMPILER_APPICON_NAME = AppIcon;
				ASSETCATALOG_COMPILER_GLOBAL_ACCENT_COLOR_NAME = AccentColor;
				CODE_SIGN_STYLE = Automatic;
				DEVELOPMENT_TEAM = MX6EDE7QQU;
				INFOPLIST_FILE = FinalFourLab/Info.plist;
				LD_RUNPATH_SEARCH_PATHS = (
					"$(inherited)",
					"@executable_path/Frameworks",
				);
				PRODUCT_BUNDLE_IDENTIFIER = com.gigabit.FinalFourLab;
				PRODUCT_NAME = "$(TARGET_NAME)";
				SWIFT_VERSION = 5.0;
				TARGETED_DEVICE_FAMILY = "1,2";
			};
			name = Release;
		};
		D1C1660D26AFC0E000CFFCE3 /* Debug */ = {
			isa = XCBuildConfiguration;
			buildSettings = {
				ALWAYS_EMBED_SWIFT_STANDARD_LIBRARIES = YES;
				BUNDLE_LOADER = "$(TEST_HOST)";
				CODE_SIGN_STYLE = Automatic;
				DEVELOPMENT_TEAM = MX6EDE7QQU;
				INFOPLIST_FILE = FinalFourLabTests/Info.plist;
				IPHONEOS_DEPLOYMENT_TARGET = 14.4;
				LD_RUNPATH_SEARCH_PATHS = (
					"$(inherited)",
					"@executable_path/Frameworks",
					"@loader_path/Frameworks",
				);
				PRODUCT_BUNDLE_IDENTIFIER = com.gigabit.FinalFourLabTests;
				PRODUCT_NAME = "$(TARGET_NAME)";
				SWIFT_VERSION = 5.0;
				TARGETED_DEVICE_FAMILY = "1,2";
				TEST_HOST = "$(BUILT_PRODUCTS_DIR)/FinalFourLab.app/FinalFourLab";
			};
			name = Debug;
		};
		D1C1660E26AFC0E000CFFCE3 /* Release */ = {
			isa = XCBuildConfiguration;
			buildSettings = {
				ALWAYS_EMBED_SWIFT_STANDARD_LIBRARIES = YES;
				BUNDLE_LOADER = "$(TEST_HOST)";
				CODE_SIGN_STYLE = Automatic;
				DEVELOPMENT_TEAM = MX6EDE7QQU;
				INFOPLIST_FILE = FinalFourLabTests/Info.plist;
				IPHONEOS_DEPLOYMENT_TARGET = 14.4;
				LD_RUNPATH_SEARCH_PATHS = (
					"$(inherited)",
					"@executable_path/Frameworks",
					"@loader_path/Frameworks",
				);
				PRODUCT_BUNDLE_IDENTIFIER = com.gigabit.FinalFourLabTests;
				PRODUCT_NAME = "$(TARGET_NAME)";
				SWIFT_VERSION = 5.0;
				TARGETED_DEVICE_FAMILY = "1,2";
				TEST_HOST = "$(BUILT_PRODUCTS_DIR)/FinalFourLab.app/FinalFourLab";
			};
			name = Release;
		};
		D1C1661026AFC0E000CFFCE3 /* Debug */ = {
			isa = XCBuildConfiguration;
			buildSettings = {
				ALWAYS_EMBED_SWIFT_STANDARD_LIBRARIES = YES;
				CODE_SIGN_STYLE = Automatic;
				DEVELOPMENT_TEAM = MX6EDE7QQU;
				INFOPLIST_FILE = FinalFourLabUITests/Info.plist;
				LD_RUNPATH_SEARCH_PATHS = (
					"$(inherited)",
					"@executable_path/Frameworks",
					"@loader_path/Frameworks",
				);
				PRODUCT_BUNDLE_IDENTIFIER = com.gigabit.FinalFourLabUITests;
				PRODUCT_NAME = "$(TARGET_NAME)";
				SWIFT_VERSION = 5.0;
				TARGETED_DEVICE_FAMILY = "1,2";
				TEST_TARGET_NAME = FinalFourLab;
			};
			name = Debug;
		};
		D1C1661126AFC0E000CFFCE3 /* Release */ = {
			isa = XCBuildConfiguration;
			buildSettings = {
				ALWAYS_EMBED_SWIFT_STANDARD_LIBRARIES = YES;
				CODE_SIGN_STYLE = Automatic;
				DEVELOPMENT_TEAM = MX6EDE7QQU;
				INFOPLIST_FILE = FinalFourLabUITests/Info.plist;
				LD_RUNPATH_SEARCH_PATHS = (
					"$(inherited)",
					"@executable_path/Frameworks",
					"@loader_path/Frameworks",
				);
				PRODUCT_BUNDLE_IDENTIFIER = com.gigabit.FinalFourLabUITests;
				PRODUCT_NAME = "$(TARGET_NAME)";
				SWIFT_VERSION = 5.0;
				TARGETED_DEVICE_FAMILY = "1,2";
				TEST_TARGET_NAME = FinalFourLab;
			};
			name = Release;
		};
/* End XCBuildConfiguration section */

/* Begin XCConfigurationList section */
		D176780F26B42F0000DA26FA /* Build configuration list for PBXNativeTarget "FinalFourSwiftUI" */ = {
			isa = XCConfigurationList;
			buildConfigurations = (
				D176781026B42F0000DA26FA /* Debug */,
				D176781126B42F0000DA26FA /* Release */,
			);
			defaultConfigurationIsVisible = 0;
			defaultConfigurationName = Release;
		};
		D1C165DA26AFC0DB00CFFCE3 /* Build configuration list for PBXProject "FinalFourLab" */ = {
			isa = XCConfigurationList;
			buildConfigurations = (
				D1C1660726AFC0E000CFFCE3 /* Debug */,
				D1C1660826AFC0E000CFFCE3 /* Release */,
			);
			defaultConfigurationIsVisible = 0;
			defaultConfigurationName = Release;
		};
		D1C1660926AFC0E000CFFCE3 /* Build configuration list for PBXNativeTarget "FinalFourLab" */ = {
			isa = XCConfigurationList;
			buildConfigurations = (
				D1C1660A26AFC0E000CFFCE3 /* Debug */,
				D1C1660B26AFC0E000CFFCE3 /* Release */,
			);
			defaultConfigurationIsVisible = 0;
			defaultConfigurationName = Release;
		};
		D1C1660C26AFC0E000CFFCE3 /* Build configuration list for PBXNativeTarget "FinalFourLabTests" */ = {
			isa = XCConfigurationList;
			buildConfigurations = (
				D1C1660D26AFC0E000CFFCE3 /* Debug */,
				D1C1660E26AFC0E000CFFCE3 /* Release */,
			);
			defaultConfigurationIsVisible = 0;
			defaultConfigurationName = Release;
		};
		D1C1660F26AFC0E000CFFCE3 /* Build configuration list for PBXNativeTarget "FinalFourLabUITests" */ = {
			isa = XCConfigurationList;
			buildConfigurations = (
				D1C1661026AFC0E000CFFCE3 /* Debug */,
				D1C1661126AFC0E000CFFCE3 /* Release */,
			);
			defaultConfigurationIsVisible = 0;
			defaultConfigurationName = Release;
		};
/* End XCConfigurationList section */
	};
	rootObject = D1C165D726AFC0DB00CFFCE3 /* Project object */;
}
